
Microsoft Visual Studio Solution File, Format Version 12.00
# Visual Studio Version 17
VisualStudioVersion = 17.0.31903.59
MinimumVisualStudioVersion = 10.0.40219.1
Project("{9A19103F-16F7-4668-BE54-9A1E7A4F7556}") = "TailKit.Site", "TailKit.Site\TailKit.Site.csproj", "{9188D301-B7A4-4591-81DC-105428194D45}"
EndProject
Project("{9A19103F-16F7-4668-BE54-9A1E7A4F7556}") = "TailKit.Models", "TailKit.Models\TailKit.Models.csproj", "{7B026463-3EAB-4C7F-95DF-86DF4F79485E}"
EndProject
Project("{FAE04EC0-301F-11D3-BF4B-00C04F79EFBC}") = "TailKit.Core", "TailKit.Core\TailKit.Core.csproj", "{1FD204D4-6C06-48D5-A9EB-CE008060EC3E}"
EndProject
Project("{FAE04EC0-301F-11D3-BF4B-00C04F79EFBC}") = "TailKit", "TailKit\TailKit.csproj", "{3AC42EB9-850E-4D50-9F68-446ABBF59E9D}"
EndProject
Global
	GlobalSection(SolutionConfigurationPlatforms) = preSolution
		Debug|Any CPU = Debug|Any CPU
		Release|Any CPU = Release|Any CPU
	EndGlobalSection
	GlobalSection(ProjectConfigurationPlatforms) = postSolution
		{9188D301-B7A4-4591-81DC-105428194D45}.Debug|Any CPU.ActiveCfg = Debug|Any CPU
		{9188D301-B7A4-4591-81DC-105428194D45}.Debug|Any CPU.Build.0 = Debug|Any CPU
		{9188D301-B7A4-4591-81DC-105428194D45}.Release|Any CPU.ActiveCfg = Release|Any CPU
		{9188D301-B7A4-4591-81DC-105428194D45}.Release|Any CPU.Build.0 = Release|Any CPU
		{7B026463-3EAB-4C7F-95DF-86DF4F79485E}.Debug|Any CPU.ActiveCfg = Debug|Any CPU
		{7B026463-3EAB-4C7F-95DF-86DF4F79485E}.Debug|Any CPU.Build.0 = Debug|Any CPU
		{7B026463-3EAB-4C7F-95DF-86DF4F79485E}.Release|Any CPU.ActiveCfg = Release|Any CPU
		{7B026463-3EAB-4C7F-95DF-86DF4F79485E}.Release|Any CPU.Build.0 = Release|Any CPU
		{1FD204D4-6C06-48D5-A9EB-CE008060EC3E}.Debug|Any CPU.ActiveCfg = Debug|Any CPU
		{1FD204D4-6C06-48D5-A9EB-CE008060EC3E}.Debug|Any CPU.Build.0 = Debug|Any CPU
		{1FD204D4-6C06-48D5-A9EB-CE008060EC3E}.Release|Any CPU.ActiveCfg = Release|Any CPU
		{1FD204D4-6C06-48D5-A9EB-CE008060EC3E}.Release|Any CPU.Build.0 = Release|Any CPU
		{3AC42EB9-850E-4D50-9F68-446ABBF59E9D}.Debug|Any CPU.ActiveCfg = Debug|Any CPU
		{3AC42EB9-850E-4D50-9F68-446ABBF59E9D}.Debug|Any CPU.Build.0 = Debug|Any CPU
		{3AC42EB9-850E-4D50-9F68-446ABBF59E9D}.Release|Any CPU.ActiveCfg = Release|Any CPU
		{3AC42EB9-850E-4D50-9F68-446ABBF59E9D}.Release|Any CPU.Build.0 = Release|Any CPU
	EndGlobalSection
	GlobalSection(SolutionProperties) = preSolution
		HideSolutionNode = FALSE
	EndGlobalSection
	GlobalSection(ExtensibilityGlobals) = postSolution
		SolutionGuid = {5D2C10F5-7EF4-4F58-8552-82230AC80E7E}
	EndGlobalSection
EndGlobal
